// !$*UTF8*$!
{
	archiveVersion = 1;
	classes = {
	};
	objectVersion = 56;
	objects = {

/* Begin PBXBuildFile section */
		6108CB072ACEA374008E1C7C /* InfoPlist.strings in Resources */ = {isa = PBXBuildFile; fileRef = 6108CB092ACEA374008E1C7C /* InfoPlist.strings */; };
		61FE8AC72AC26C0700A74D65 /* DiningPickApp.swift in Sources */ = {isa = PBXBuildFile; fileRef = 61FE8AC62AC26C0700A74D65 /* DiningPickApp.swift */; };
		61FE8AC92AC26C0700A74D65 /* ContentView.swift in Sources */ = {isa = PBXBuildFile; fileRef = 61FE8AC82AC26C0700A74D65 /* ContentView.swift */; };
		61FE8ACD2AC26C0900A74D65 /* Assets.xcassets in Resources */ = {isa = PBXBuildFile; fileRef = 61FE8ACC2AC26C0900A74D65 /* Assets.xcassets */; };
		61FE8AD02AC26C0900A74D65 /* Preview Assets.xcassets in Resources */ = {isa = PBXBuildFile; fileRef = 61FE8ACF2AC26C0900A74D65 /* Preview Assets.xcassets */; };
		61FE8ADA2AC26C0900A74D65 /* DiningPickTests.swift in Sources */ = {isa = PBXBuildFile; fileRef = 61FE8AD92AC26C0900A74D65 /* DiningPickTests.swift */; };
		61FE8AE42AC26C0900A74D65 /* DiningPickUITests.swift in Sources */ = {isa = PBXBuildFile; fileRef = 61FE8AE32AC26C0900A74D65 /* DiningPickUITests.swift */; };
		61FE8AE62AC26C0900A74D65 /* DiningPickUITestsLaunchTests.swift in Sources */ = {isa = PBXBuildFile; fileRef = 61FE8AE52AC26C0900A74D65 /* DiningPickUITestsLaunchTests.swift */; };
		61FE8AF32AC26D4600A74D65 /* GoogleService-Info.plist in Resources */ = {isa = PBXBuildFile; fileRef = 61FE8AF22AC26D4600A74D65 /* GoogleService-Info.plist */; };
/* End PBXBuildFile section */

/* Begin PBXContainerItemProxy section */
		61FE8AD62AC26C0900A74D65 /* PBXContainerItemProxy */ = {
			isa = PBXContainerItemProxy;
			containerPortal = 61FE8ABB2AC26C0600A74D65 /* Project object */;
			proxyType = 1;
			remoteGlobalIDString = 61FE8AC22AC26C0700A74D65;
			remoteInfo = DiningPick;
		};
		61FE8AE02AC26C0900A74D65 /* PBXContainerItemProxy */ = {
			isa = PBXContainerItemProxy;
			containerPortal = 61FE8ABB2AC26C0600A74D65 /* Project object */;
			proxyType = 1;
			remoteGlobalIDString = 61FE8AC22AC26C0700A74D65;
			remoteInfo = DiningPick;
		};
/* End PBXContainerItemProxy section */

/* Begin PBXFileReference section */
		6108CB082ACEA374008E1C7C /* en */ = {isa = PBXFileReference; lastKnownFileType = text.plist.strings; name = en; path = en.lproj/InfoPlist.strings; sourceTree = "<group>"; };
		6108CB0A2ACEA376008E1C7C /* ko */ = {isa = PBXFileReference; lastKnownFileType = text.plist.strings; name = ko; path = ko.lproj/InfoPlist.strings; sourceTree = "<group>"; };
		61FE8AC32AC26C0700A74D65 /* DiningPick.app */ = {isa = PBXFileReference; explicitFileType = wrapper.application; includeInIndex = 0; path = DiningPick.app; sourceTree = BUILT_PRODUCTS_DIR; };
		61FE8AC62AC26C0700A74D65 /* DiningPickApp.swift */ = {isa = PBXFileReference; lastKnownFileType = sourcecode.swift; path = DiningPickApp.swift; sourceTree = "<group>"; };
		61FE8AC82AC26C0700A74D65 /* ContentView.swift */ = {isa = PBXFileReference; lastKnownFileType = sourcecode.swift; path = ContentView.swift; sourceTree = "<group>"; };
		61FE8ACC2AC26C0900A74D65 /* Assets.xcassets */ = {isa = PBXFileReference; lastKnownFileType = folder.assetcatalog; path = Assets.xcassets; sourceTree = "<group>"; };
		61FE8ACF2AC26C0900A74D65 /* Preview Assets.xcassets */ = {isa = PBXFileReference; lastKnownFileType = folder.assetcatalog; path = "Preview Assets.xcassets"; sourceTree = "<group>"; };
		61FE8AD52AC26C0900A74D65 /* DiningPickTests.xctest */ = {isa = PBXFileReference; explicitFileType = wrapper.cfbundle; includeInIndex = 0; path = DiningPickTests.xctest; sourceTree = BUILT_PRODUCTS_DIR; };
		61FE8AD92AC26C0900A74D65 /* DiningPickTests.swift */ = {isa = PBXFileReference; lastKnownFileType = sourcecode.swift; path = DiningPickTests.swift; sourceTree = "<group>"; };
		61FE8ADF2AC26C0900A74D65 /* DiningPickUITests.xctest */ = {isa = PBXFileReference; explicitFileType = wrapper.cfbundle; includeInIndex = 0; path = DiningPickUITests.xctest; sourceTree = BUILT_PRODUCTS_DIR; };
		61FE8AE32AC26C0900A74D65 /* DiningPickUITests.swift */ = {isa = PBXFileReference; lastKnownFileType = sourcecode.swift; path = DiningPickUITests.swift; sourceTree = "<group>"; };
		61FE8AE52AC26C0900A74D65 /* DiningPickUITestsLaunchTests.swift */ = {isa = PBXFileReference; lastKnownFileType = sourcecode.swift; path = DiningPickUITestsLaunchTests.swift; sourceTree = "<group>"; };
		61FE8AF22AC26D4600A74D65 /* GoogleService-Info.plist */ = {isa = PBXFileReference; fileEncoding = 4; lastKnownFileType = text.plist.xml; path = "GoogleService-Info.plist"; sourceTree = "<group>"; };
/* End PBXFileReference section */

/* Begin PBXFrameworksBuildPhase section */
		61FE8AC02AC26C0700A74D65 /* Frameworks */ = {
			isa = PBXFrameworksBuildPhase;
			buildActionMask = 2147483647;
			files = (
			);
			runOnlyForDeploymentPostprocessing = 0;
		};
		61FE8AD22AC26C0900A74D65 /* Frameworks */ = {
			isa = PBXFrameworksBuildPhase;
			buildActionMask = 2147483647;
			files = (
			);
			runOnlyForDeploymentPostprocessing = 0;
		};
		61FE8ADC2AC26C0900A74D65 /* Frameworks */ = {
			isa = PBXFrameworksBuildPhase;
			buildActionMask = 2147483647;
			files = (
			);
			runOnlyForDeploymentPostprocessing = 0;
		};
/* End PBXFrameworksBuildPhase section */

/* Begin PBXGroup section */
		6108CB062ACEA35D008E1C7C /* Localization */ = {
			isa = PBXGroup;
			children = (
				6108CB092ACEA374008E1C7C /* InfoPlist.strings */,
			);
			path = Localization;
			sourceTree = "<group>";
		};
		6108CB0B2ACEAA31008E1C7C /* Data */ = {
			isa = PBXGroup;
			children = (
				6108CB122ACEAA8C008E1C7C /* ViewModel */,
				6108CB112ACEAA85008E1C7C /* Model */,
			);
			path = Data;
			sourceTree = "<group>";
		};
		6108CB0C2ACEAA3A008E1C7C /* View */ = {
			isa = PBXGroup;
			children = (
				6108CB102ACEAA7C008E1C7C /* Admin */,
				6108CB0F2ACEAA69008E1C7C /* Provider */,
				6108CB0E2ACEAA5E008E1C7C /* Customer */,
				6108CB0D2ACEAA56008E1C7C /* Account */,
			);
			path = View;
			sourceTree = "<group>";
		};
		6108CB0D2ACEAA56008E1C7C /* Account */ = {
			isa = PBXGroup;
			children = (
			);
			path = Account;
			sourceTree = "<group>";
		};
		6108CB0E2ACEAA5E008E1C7C /* Customer */ = {
			isa = PBXGroup;
			children = (
			);
			path = Customer;
			sourceTree = "<group>";
		};
		6108CB0F2ACEAA69008E1C7C /* Provider */ = {
			isa = PBXGroup;
			children = (
			);
			path = Provider;
			sourceTree = "<group>";
		};
		6108CB102ACEAA7C008E1C7C /* Admin */ = {
			isa = PBXGroup;
			children = (
			);
			path = Admin;
			sourceTree = "<group>";
		};
		6108CB112ACEAA85008E1C7C /* Model */ = {
			isa = PBXGroup;
			children = (
			);
			path = Model;
			sourceTree = "<group>";
		};
		6108CB122ACEAA8C008E1C7C /* ViewModel */ = {
			isa = PBXGroup;
			children = (
			);
			path = ViewModel;
			sourceTree = "<group>";
		};
		61FE8ABA2AC26C0600A74D65 = {
			isa = PBXGroup;
			children = (
				6108CB062ACEA35D008E1C7C /* Localization */,
				61FE8AF22AC26D4600A74D65 /* GoogleService-Info.plist */,
				61FE8AC52AC26C0700A74D65 /* DiningPick */,
				61FE8AD82AC26C0900A74D65 /* DiningPickTests */,
				61FE8AE22AC26C0900A74D65 /* DiningPickUITests */,
				61FE8AC42AC26C0700A74D65 /* Products */,
			);
			sourceTree = "<group>";
		};
		61FE8AC42AC26C0700A74D65 /* Products */ = {
			isa = PBXGroup;
			children = (
				61FE8AC32AC26C0700A74D65 /* DiningPick.app */,
				61FE8AD52AC26C0900A74D65 /* DiningPickTests.xctest */,
				61FE8ADF2AC26C0900A74D65 /* DiningPickUITests.xctest */,
			);
			name = Products;
			sourceTree = "<group>";
		};
		61FE8AC52AC26C0700A74D65 /* DiningPick */ = {
			isa = PBXGroup;
			children = (
				6108CB0C2ACEAA3A008E1C7C /* View */,
				6108CB0B2ACEAA31008E1C7C /* Data */,
				61FE8AC62AC26C0700A74D65 /* DiningPickApp.swift */,
				61FE8AC82AC26C0700A74D65 /* ContentView.swift */,
				61FE8ACC2AC26C0900A74D65 /* Assets.xcassets */,
				61FE8ACE2AC26C0900A74D65 /* Preview Content */,
			);
			path = DiningPick;
			sourceTree = "<group>";
		};
		61FE8ACE2AC26C0900A74D65 /* Preview Content */ = {
			isa = PBXGroup;
			children = (
				61FE8ACF2AC26C0900A74D65 /* Preview Assets.xcassets */,
			);
			path = "Preview Content";
			sourceTree = "<group>";
		};
		61FE8AD82AC26C0900A74D65 /* DiningPickTests */ = {
			isa = PBXGroup;
			children = (
				61FE8AD92AC26C0900A74D65 /* DiningPickTests.swift */,
			);
			path = DiningPickTests;
			sourceTree = "<group>";
		};
		61FE8AE22AC26C0900A74D65 /* DiningPickUITests */ = {
			isa = PBXGroup;
			children = (
				61FE8AE32AC26C0900A74D65 /* DiningPickUITests.swift */,
				61FE8AE52AC26C0900A74D65 /* DiningPickUITestsLaunchTests.swift */,
			);
			path = DiningPickUITests;
			sourceTree = "<group>";
		};
/* End PBXGroup section */

/* Begin PBXNativeTarget section */
		61FE8AC22AC26C0700A74D65 /* DiningPick */ = {
			isa = PBXNativeTarget;
			buildConfigurationList = 61FE8AE92AC26C0900A74D65 /* Build configuration list for PBXNativeTarget "DiningPick" */;
			buildPhases = (
				61FE8ABF2AC26C0700A74D65 /* Sources */,
				61FE8AC02AC26C0700A74D65 /* Frameworks */,
				61FE8AC12AC26C0700A74D65 /* Resources */,
			);
			buildRules = (
			);
			dependencies = (
			);
			name = DiningPick;
			productName = DiningPick;
			productReference = 61FE8AC32AC26C0700A74D65 /* DiningPick.app */;
			productType = "com.apple.product-type.application";
		};
		61FE8AD42AC26C0900A74D65 /* DiningPickTests */ = {
			isa = PBXNativeTarget;
			buildConfigurationList = 61FE8AEC2AC26C0900A74D65 /* Build configuration list for PBXNativeTarget "DiningPickTests" */;
			buildPhases = (
				61FE8AD12AC26C0900A74D65 /* Sources */,
				61FE8AD22AC26C0900A74D65 /* Frameworks */,
				61FE8AD32AC26C0900A74D65 /* Resources */,
			);
			buildRules = (
			);
			dependencies = (
				61FE8AD72AC26C0900A74D65 /* PBXTargetDependency */,
			);
			name = DiningPickTests;
			productName = DiningPickTests;
			productReference = 61FE8AD52AC26C0900A74D65 /* DiningPickTests.xctest */;
			productType = "com.apple.product-type.bundle.unit-test";
		};
		61FE8ADE2AC26C0900A74D65 /* DiningPickUITests */ = {
			isa = PBXNativeTarget;
			buildConfigurationList = 61FE8AEF2AC26C0900A74D65 /* Build configuration list for PBXNativeTarget "DiningPickUITests" */;
			buildPhases = (
				61FE8ADB2AC26C0900A74D65 /* Sources */,
				61FE8ADC2AC26C0900A74D65 /* Frameworks */,
				61FE8ADD2AC26C0900A74D65 /* Resources */,
			);
			buildRules = (
			);
			dependencies = (
				61FE8AE12AC26C0900A74D65 /* PBXTargetDependency */,
			);
			name = DiningPickUITests;
			productName = DiningPickUITests;
			productReference = 61FE8ADF2AC26C0900A74D65 /* DiningPickUITests.xctest */;
			productType = "com.apple.product-type.bundle.ui-testing";
		};
/* End PBXNativeTarget section */

/* Begin PBXProject section */
		61FE8ABB2AC26C0600A74D65 /* Project object */ = {
			isa = PBXProject;
			attributes = {
				BuildIndependentTargetsInParallel = 1;
				LastSwiftUpdateCheck = 1500;
				LastUpgradeCheck = 1500;
				TargetAttributes = {
					61FE8AC22AC26C0700A74D65 = {
						CreatedOnToolsVersion = 15.0;
					};
					61FE8AD42AC26C0900A74D65 = {
						CreatedOnToolsVersion = 15.0;
						TestTargetID = 61FE8AC22AC26C0700A74D65;
					};
					61FE8ADE2AC26C0900A74D65 = {
						CreatedOnToolsVersion = 15.0;
						TestTargetID = 61FE8AC22AC26C0700A74D65;
					};
				};
			};
			buildConfigurationList = 61FE8ABE2AC26C0700A74D65 /* Build configuration list for PBXProject "DiningPick" */;
			compatibilityVersion = "Xcode 14.0";
			developmentRegion = en;
			hasScannedForEncodings = 0;
			knownRegions = (
				en,
				Base,
				ko,
			);
			mainGroup = 61FE8ABA2AC26C0600A74D65;
			productRefGroup = 61FE8AC42AC26C0700A74D65 /* Products */;
			projectDirPath = "";
			projectRoot = "";
			targets = (
				61FE8AC22AC26C0700A74D65 /* DiningPick */,
				61FE8AD42AC26C0900A74D65 /* DiningPickTests */,
				61FE8ADE2AC26C0900A74D65 /* DiningPickUITests */,
			);
		};
/* End PBXProject section */

/* Begin PBXResourcesBuildPhase section */
		61FE8AC12AC26C0700A74D65 /* Resources */ = {
			isa = PBXResourcesBuildPhase;
			buildActionMask = 2147483647;
			files = (
				61FE8AD02AC26C0900A74D65 /* Preview Assets.xcassets in Resources */,
				6108CB072ACEA374008E1C7C /* InfoPlist.strings in Resources */,
				61FE8ACD2AC26C0900A74D65 /* Assets.xcassets in Resources */,
				61FE8AF32AC26D4600A74D65 /* GoogleService-Info.plist in Resources */,
			);
			runOnlyForDeploymentPostprocessing = 0;
		};
		61FE8AD32AC26C0900A74D65 /* Resources */ = {
			isa = PBXResourcesBuildPhase;
			buildActionMask = 2147483647;
			files = (
			);
			runOnlyForDeploymentPostprocessing = 0;
		};
		61FE8ADD2AC26C0900A74D65 /* Resources */ = {
			isa = PBXResourcesBuildPhase;
			buildActionMask = 2147483647;
			files = (
			);
			runOnlyForDeploymentPostprocessing = 0;
		};
/* End PBXResourcesBuildPhase section */

/* Begin PBXSourcesBuildPhase section */
		61FE8ABF2AC26C0700A74D65 /* Sources */ = {
			isa = PBXSourcesBuildPhase;
			buildActionMask = 2147483647;
			files = (
				61FE8AC92AC26C0700A74D65 /* ContentView.swift in Sources */,
				61FE8AC72AC26C0700A74D65 /* DiningPickApp.swift in Sources */,
			);
			runOnlyForDeploymentPostprocessing = 0;
		};
		61FE8AD12AC26C0900A74D65 /* Sources */ = {
			isa = PBXSourcesBuildPhase;
			buildActionMask = 2147483647;
			files = (
				61FE8ADA2AC26C0900A74D65 /* DiningPickTests.swift in Sources */,
			);
			runOnlyForDeploymentPostprocessing = 0;
		};
		61FE8ADB2AC26C0900A74D65 /* Sources */ = {
			isa = PBXSourcesBuildPhase;
			buildActionMask = 2147483647;
			files = (
				61FE8AE62AC26C0900A74D65 /* DiningPickUITestsLaunchTests.swift in Sources */,
				61FE8AE42AC26C0900A74D65 /* DiningPickUITests.swift in Sources */,
			);
			runOnlyForDeploymentPostprocessing = 0;
		};
/* End PBXSourcesBuildPhase section */

/* Begin PBXTargetDependency section */
		61FE8AD72AC26C0900A74D65 /* PBXTargetDependency */ = {
			isa = PBXTargetDependency;
			target = 61FE8AC22AC26C0700A74D65 /* DiningPick */;
			targetProxy = 61FE8AD62AC26C0900A74D65 /* PBXContainerItemProxy */;
		};
		61FE8AE12AC26C0900A74D65 /* PBXTargetDependency */ = {
			isa = PBXTargetDependency;
			target = 61FE8AC22AC26C0700A74D65 /* DiningPick */;
			targetProxy = 61FE8AE02AC26C0900A74D65 /* PBXContainerItemProxy */;
		};
/* End PBXTargetDependency section */

/* Begin PBXVariantGroup section */
		6108CB092ACEA374008E1C7C /* InfoPlist.strings */ = {
			isa = PBXVariantGroup;
			children = (
				6108CB082ACEA374008E1C7C /* en */,
				6108CB0A2ACEA376008E1C7C /* ko */,
			);
			name = InfoPlist.strings;
			sourceTree = "<group>";
		};
/* End PBXVariantGroup section */

/* Begin XCBuildConfiguration section */
		61FE8AE72AC26C0900A74D65 /* Debug */ = {
			isa = XCBuildConfiguration;
			buildSettings = {
				ALWAYS_SEARCH_USER_PATHS = NO;
				ASSETCATALOG_COMPILER_GENERATE_SWIFT_ASSET_SYMBOL_EXTENSIONS = YES;
				CLANG_ANALYZER_NONNULL = YES;
				CLANG_ANALYZER_NUMBER_OBJECT_CONVERSION = YES_AGGRESSIVE;
				CLANG_CXX_LANGUAGE_STANDARD = "gnu++20";
				CLANG_ENABLE_MODULES = YES;
				CLANG_ENABLE_OBJC_ARC = YES;
				CLANG_ENABLE_OBJC_WEAK = YES;
				CLANG_WARN_BLOCK_CAPTURE_AUTORELEASING = YES;
				CLANG_WARN_BOOL_CONVERSION = YES;
				CLANG_WARN_COMMA = YES;
				CLANG_WARN_CONSTANT_CONVERSION = YES;
				CLANG_WARN_DEPRECATED_OBJC_IMPLEMENTATIONS = YES;
				CLANG_WARN_DIRECT_OBJC_ISA_USAGE = YES_ERROR;
				CLANG_WARN_DOCUMENTATION_COMMENTS = YES;
				CLANG_WARN_EMPTY_BODY = YES;
				CLANG_WARN_ENUM_CONVERSION = YES;
				CLANG_WARN_INFINITE_RECURSION = YES;
				CLANG_WARN_INT_CONVERSION = YES;
				CLANG_WARN_NON_LITERAL_NULL_CONVERSION = YES;
				CLANG_WARN_OBJC_IMPLICIT_RETAIN_SELF = YES;
				CLANG_WARN_OBJC_LITERAL_CONVERSION = YES;
				CLANG_WARN_OBJC_ROOT_CLASS = YES_ERROR;
				CLANG_WARN_QUOTED_INCLUDE_IN_FRAMEWORK_HEADER = YES;
				CLANG_WARN_RANGE_LOOP_ANALYSIS = YES;
				CLANG_WARN_STRICT_PROTOTYPES = YES;
				CLANG_WARN_SUSPICIOUS_MOVE = YES;
				CLANG_WARN_UNGUARDED_AVAILABILITY = YES_AGGRESSIVE;
				CLANG_WARN_UNREACHABLE_CODE = YES;
				CLANG_WARN__DUPLICATE_METHOD_MATCH = YES;
				COPY_PHASE_STRIP = NO;
				DEBUG_INFORMATION_FORMAT = dwarf;
				ENABLE_STRICT_OBJC_MSGSEND = YES;
				ENABLE_TESTABILITY = YES;
				ENABLE_USER_SCRIPT_SANDBOXING = YES;
				GCC_C_LANGUAGE_STANDARD = gnu17;
				GCC_DYNAMIC_NO_PIC = NO;
				GCC_NO_COMMON_BLOCKS = YES;
				GCC_OPTIMIZATION_LEVEL = 0;
				GCC_PREPROCESSOR_DEFINITIONS = (
					"DEBUG=1",
					"$(inherited)",
				);
				GCC_WARN_64_TO_32_BIT_CONVERSION = YES;
				GCC_WARN_ABOUT_RETURN_TYPE = YES_ERROR;
				GCC_WARN_UNDECLARED_SELECTOR = YES;
				GCC_WARN_UNINITIALIZED_AUTOS = YES_AGGRESSIVE;
				GCC_WARN_UNUSED_FUNCTION = YES;
				GCC_WARN_UNUSED_VARIABLE = YES;
				IPHONEOS_DEPLOYMENT_TARGET = 17.0;
				LOCALIZATION_PREFERS_STRING_CATALOGS = YES;
				MTL_ENABLE_DEBUG_INFO = INCLUDE_SOURCE;
				MTL_FAST_MATH = YES;
				ONLY_ACTIVE_ARCH = YES;
				SDKROOT = iphoneos;
				SWIFT_ACTIVE_COMPILATION_CONDITIONS = "DEBUG $(inherited)";
				SWIFT_OPTIMIZATION_LEVEL = "-Onone";
			};
			name = Debug;
		};
		61FE8AE82AC26C0900A74D65 /* Release */ = {
			isa = XCBuildConfiguration;
			buildSettings = {
				ALWAYS_SEARCH_USER_PATHS = NO;
				ASSETCATALOG_COMPILER_GENERATE_SWIFT_ASSET_SYMBOL_EXTENSIONS = YES;
				CLANG_ANALYZER_NONNULL = YES;
				CLANG_ANALYZER_NUMBER_OBJECT_CONVERSION = YES_AGGRESSIVE;
				CLANG_CXX_LANGUAGE_STANDARD = "gnu++20";
				CLANG_ENABLE_MODULES = YES;
				CLANG_ENABLE_OBJC_ARC = YES;
				CLANG_ENABLE_OBJC_WEAK = YES;
				CLANG_WARN_BLOCK_CAPTURE_AUTORELEASING = YES;
				CLANG_WARN_BOOL_CONVERSION = YES;
				CLANG_WARN_COMMA = YES;
				CLANG_WARN_CONSTANT_CONVERSION = YES;
				CLANG_WARN_DEPRECATED_OBJC_IMPLEMENTATIONS = YES;
				CLANG_WARN_DIRECT_OBJC_ISA_USAGE = YES_ERROR;
				CLANG_WARN_DOCUMENTATION_COMMENTS = YES;
				CLANG_WARN_EMPTY_BODY = YES;
				CLANG_WARN_ENUM_CONVERSION = YES;
				CLANG_WARN_INFINITE_RECURSION = YES;
				CLANG_WARN_INT_CONVERSION = YES;
				CLANG_WARN_NON_LITERAL_NULL_CONVERSION = YES;
				CLANG_WARN_OBJC_IMPLICIT_RETAIN_SELF = YES;
				CLANG_WARN_OBJC_LITERAL_CONVERSION = YES;
				CLANG_WARN_OBJC_ROOT_CLASS = YES_ERROR;
				CLANG_WARN_QUOTED_INCLUDE_IN_FRAMEWORK_HEADER = YES;
				CLANG_WARN_RANGE_LOOP_ANALYSIS = YES;
				CLANG_WARN_STRICT_PROTOTYPES = YES;
				CLANG_WARN_SUSPICIOUS_MOVE = YES;
				CLANG_WARN_UNGUARDED_AVAILABILITY = YES_AGGRESSIVE;
				CLANG_WARN_UNREACHABLE_CODE = YES;
				CLANG_WARN__DUPLICATE_METHOD_MATCH = YES;
				COPY_PHASE_STRIP = NO;
				DEBUG_INFORMATION_FORMAT = "dwarf-with-dsym";
				ENABLE_NS_ASSERTIONS = NO;
				ENABLE_STRICT_OBJC_MSGSEND = YES;
				ENABLE_USER_SCRIPT_SANDBOXING = YES;
				GCC_C_LANGUAGE_STANDARD = gnu17;
				GCC_NO_COMMON_BLOCKS = YES;
				GCC_WARN_64_TO_32_BIT_CONVERSION = YES;
				GCC_WARN_ABOUT_RETURN_TYPE = YES_ERROR;
				GCC_WARN_UNDECLARED_SELECTOR = YES;
				GCC_WARN_UNINITIALIZED_AUTOS = YES_AGGRESSIVE;
				GCC_WARN_UNUSED_FUNCTION = YES;
				GCC_WARN_UNUSED_VARIABLE = YES;
				IPHONEOS_DEPLOYMENT_TARGET = 17.0;
				LOCALIZATION_PREFERS_STRING_CATALOGS = YES;
				MTL_ENABLE_DEBUG_INFO = NO;
				MTL_FAST_MATH = YES;
				SDKROOT = iphoneos;
				SWIFT_COMPILATION_MODE = wholemodule;
				VALIDATE_PRODUCT = YES;
			};
			name = Release;
		};
		61FE8AEA2AC26C0900A74D65 /* Debug */ = {
			isa = XCBuildConfiguration;
			buildSettings = {
				ASSETCATALOG_COMPILER_APPICON_NAME = AppIcon;
				ASSETCATALOG_COMPILER_GLOBAL_ACCENT_COLOR_NAME = AccentColor;
				CODE_SIGN_STYLE = Automatic;
				CURRENT_PROJECT_VERSION = 1;
				DEVELOPMENT_ASSET_PATHS = "\"DiningPick/Preview Content\"";
				DEVELOPMENT_TEAM = 6R3M7VGRP2;
				ENABLE_PREVIEWS = YES;
				GENERATE_INFOPLIST_FILE = YES;
				INFOPLIST_KEY_UIApplicationSceneManifest_Generation = YES;
				INFOPLIST_KEY_UIApplicationSupportsIndirectInputEvents = YES;
				INFOPLIST_KEY_UILaunchScreen_Generation = YES;
				INFOPLIST_KEY_UISupportedInterfaceOrientations_iPad = "UIInterfaceOrientationPortrait UIInterfaceOrientationPortraitUpsideDown UIInterfaceOrientationLandscapeLeft UIInterfaceOrientationLandscapeRight";
				INFOPLIST_KEY_UISupportedInterfaceOrientations_iPhone = "UIInterfaceOrientationPortrait UIInterfaceOrientationLandscapeLeft UIInterfaceOrientationLandscapeRight";
				LD_RUNPATH_SEARCH_PATHS = (
					"$(inherited)",
					"@executable_path/Frameworks",
				);
				MARKETING_VERSION = 1.0;
				PRODUCT_BUNDLE_IDENTIFIER = com.deblur.DiningPick;
				PRODUCT_NAME = "$(TARGET_NAME)";
				SWIFT_EMIT_LOC_STRINGS = YES;
				SWIFT_VERSION = 5.0;
				TARGETED_DEVICE_FAMILY = "1,2";
			};
			name = Debug;
		};
		61FE8AEB2AC26C0900A74D65 /* Release */ = {
			isa = XCBuildConfiguration;
			buildSettings = {
				ASSETCATALOG_COMPILER_APPICON_NAME = AppIcon;
				ASSETCATALOG_COMPILER_GLOBAL_ACCENT_COLOR_NAME = AccentColor;
				CODE_SIGN_STYLE = Automatic;
				CURRENT_PROJECT_VERSION = 1;
				DEVELOPMENT_ASSET_PATHS = "\"DiningPick/Preview Content\"";
				DEVELOPMENT_TEAM = 6R3M7VGRP2;
				ENABLE_PREVIEWS = YES;
				GENERATE_INFOPLIST_FILE = YES;
				INFOPLIST_KEY_UIApplicationSceneManifest_Generation = YES;
				INFOPLIST_KEY_UIApplicationSupportsIndirectInputEvents = YES;
				INFOPLIST_KEY_UILaunchScreen_Generation = YES;
				INFOPLIST_KEY_UISupportedInterfaceOrientations_iPad = "UIInterfaceOrientationPortrait UIInterfaceOrientationPortraitUpsideDown UIInterfaceOrientationLandscapeLeft UIInterfaceOrientationLandscapeRight";
				INFOPLIST_KEY_UISupportedInterfaceOrientations_iPhone = "UIInterfaceOrientationPortrait UIInterfaceOrientationLandscapeLeft UIInterfaceOrientationLandscapeRight";
				LD_RUNPATH_SEARCH_PATHS = (
					"$(inherited)",
					"@executable_path/Frameworks",
				);
				MARKETING_VERSION = 1.0;
				PRODUCT_BUNDLE_IDENTIFIER = com.deblur.DiningPick;
				PRODUCT_NAME = "$(TARGET_NAME)";
				SWIFT_EMIT_LOC_STRINGS = YES;
				SWIFT_VERSION = 5.0;
				TARGETED_DEVICE_FAMILY = "1,2";
			};
			name = Release;
		};
		61FE8AED2AC26C0900A74D65 /* Debug */ = {
			isa = XCBuildConfiguration;
			buildSettings = {
				ALWAYS_EMBED_SWIFT_STANDARD_LIBRARIES = YES;
				BUNDLE_LOADER = "$(TEST_HOST)";
				CODE_SIGN_STYLE = Automatic;
				CURRENT_PROJECT_VERSION = 1;
				DEVELOPMENT_TEAM = 6R3M7VGRP2;
				GENERATE_INFOPLIST_FILE = YES;
				IPHONEOS_DEPLOYMENT_TARGET = 17.0;
				MARKETING_VERSION = 1.0;
				PRODUCT_BUNDLE_IDENTIFIER = com.deblur.DiningPickTests;
				PRODUCT_NAME = "$(TARGET_NAME)";
				SWIFT_EMIT_LOC_STRINGS = NO;
				SWIFT_VERSION = 5.0;
				TARGETED_DEVICE_FAMILY = "1,2";
				TEST_HOST = "$(BUILT_PRODUCTS_DIR)/DiningPick.app/$(BUNDLE_EXECUTABLE_FOLDER_PATH)/DiningPick";
			};
			name = Debug;
		};
		61FE8AEE2AC26C0900A74D65 /* Release */ = {
			isa = XCBuildConfiguration;
			buildSettings = {
				ALWAYS_EMBED_SWIFT_STANDARD_LIBRARIES = YES;
				BUNDLE_LOADER = "$(TEST_HOST)";
				CODE_SIGN_STYLE = Automatic;
				CURRENT_PROJECT_VERSION = 1;
				DEVELOPMENT_TEAM = 6R3M7VGRP2;
				GENERATE_INFOPLIST_FILE = YES;
				IPHONEOS_DEPLOYMENT_TARGET = 17.0;
				MARKETING_VERSION = 1.0;
				PRODUCT_BUNDLE_IDENTIFIER = com.deblur.DiningPickTests;
				PRODUCT_NAME = "$(TARGET_NAME)";
				SWIFT_EMIT_LOC_STRINGS = NO;
				SWIFT_VERSION = 5.0;
				TARGETED_DEVICE_FAMILY = "1,2";
				TEST_HOST = "$(BUILT_PRODUCTS_DIR)/DiningPick.app/$(BUNDLE_EXECUTABLE_FOLDER_PATH)/DiningPick";
			};
			name = Release;
		};
		61FE8AF02AC26C0900A74D65 /* Debug */ = {
			isa = XCBuildConfiguration;
			buildSettings = {
				ALWAYS_EMBED_SWIFT_STANDARD_LIBRARIES = YES;
				CODE_SIGN_STYLE = Automatic;
				CURRENT_PROJECT_VERSION = 1;
				DEVELOPMENT_TEAM = 6R3M7VGRP2;
				GENERATE_INFOPLIST_FILE = YES;
				MARKETING_VERSION = 1.0;
				PRODUCT_BUNDLE_IDENTIFIER = com.deblur.DiningPickUITests;
				PRODUCT_NAME = "$(TARGET_NAME)";
				SWIFT_EMIT_LOC_STRINGS = NO;
				SWIFT_VERSION = 5.0;
				TARGETED_DEVICE_FAMILY = "1,2";
				TEST_TARGET_NAME = DiningPick;
			};
			name = Debug;
		};
		61FE8AF12AC26C0900A74D65 /* Release */ = {
			isa = XCBuildConfiguration;
			buildSettings = {
				ALWAYS_EMBED_SWIFT_STANDARD_LIBRARIES = YES;
				CODE_SIGN_STYLE = Automatic;
				CURRENT_PROJECT_VERSION = 1;
				DEVELOPMENT_TEAM = 6R3M7VGRP2;
				GENERATE_INFOPLIST_FILE = YES;
				MARKETING_VERSION = 1.0;
				PRODUCT_BUNDLE_IDENTIFIER = com.deblur.DiningPickUITests;
				PRODUCT_NAME = "$(TARGET_NAME)";
				SWIFT_EMIT_LOC_STRINGS = NO;
				SWIFT_VERSION = 5.0;
				TARGETED_DEVICE_FAMILY = "1,2";
				TEST_TARGET_NAME = DiningPick;
			};
			name = Release;
		};
/* End XCBuildConfiguration section */

/* Begin XCConfigurationList section */
		61FE8ABE2AC26C0700A74D65 /* Build configuration list for PBXProject "DiningPick" */ = {
			isa = XCConfigurationList;
			buildConfigurations = (
				61FE8AE72AC26C0900A74D65 /* Debug */,
				61FE8AE82AC26C0900A74D65 /* Release */,
			);
			defaultConfigurationIsVisible = 0;
			defaultConfigurationName = Release;
		};
		61FE8AE92AC26C0900A74D65 /* Build configuration list for PBXNativeTarget "DiningPick" */ = {
			isa = XCConfigurationList;
			buildConfigurations = (
				61FE8AEA2AC26C0900A74D65 /* Debug */,
				61FE8AEB2AC26C0900A74D65 /* Release */,
			);
			defaultConfigurationIsVisible = 0;
			defaultConfigurationName = Release;
		};
		61FE8AEC2AC26C0900A74D65 /* Build configuration list for PBXNativeTarget "DiningPickTests" */ = {
			isa = XCConfigurationList;
			buildConfigurations = (
				61FE8AED2AC26C0900A74D65 /* Debug */,
				61FE8AEE2AC26C0900A74D65 /* Release */,
			);
			defaultConfigurationIsVisible = 0;
			defaultConfigurationName = Release;
		};
		61FE8AEF2AC26C0900A74D65 /* Build configuration list for PBXNativeTarget "DiningPickUITests" */ = {
			isa = XCConfigurationList;
			buildConfigurations = (
				61FE8AF02AC26C0900A74D65 /* Debug */,
				61FE8AF12AC26C0900A74D65 /* Release */,
			);
			defaultConfigurationIsVisible = 0;
			defaultConfigurationName = Release;
		};
/* End XCConfigurationList section */
	};
	rootObject = 61FE8ABB2AC26C0600A74D65 /* Project object */;
}
