// !$*UTF8*$!
{
	archiveVersion = 1;
	classes = {
	};
	objectVersion = 56;
	objects = {

/* Begin PBXBuildFile section */
		6108CB072ACEA374008E1C7C /* InfoPlist.strings in Resources */ = {isa = PBXBuildFile; fileRef = 6108CB092ACEA374008E1C7C /* InfoPlist.strings */; };
		6108CB142ACEACEA008E1C7C /* LoginEmailView.swift in Sources */ = {isa = PBXBuildFile; fileRef = 6108CB132ACEACEA008E1C7C /* LoginEmailView.swift */; };
		6108CB162ACEAD98008E1C7C /* CustomerTabView.swift in Sources */ = {isa = PBXBuildFile; fileRef = 6108CB152ACEAD98008E1C7C /* CustomerTabView.swift */; };
		6108CB182ACEADA6008E1C7C /* ProviderTabView.swift in Sources */ = {isa = PBXBuildFile; fileRef = 6108CB172ACEADA6008E1C7C /* ProviderTabView.swift */; };
		6108CB1A2ACEADB1008E1C7C /* AdminRootView.swift in Sources */ = {isa = PBXBuildFile; fileRef = 6108CB192ACEADB1008E1C7C /* AdminRootView.swift */; };
		6108CB1C2ACEADD6008E1C7C /* Account.swift in Sources */ = {isa = PBXBuildFile; fileRef = 6108CB1B2ACEADD6008E1C7C /* Account.swift */; };
		6108CB1E2ACEADE2008E1C7C /* AccountStore.swift in Sources */ = {isa = PBXBuildFile; fileRef = 6108CB1D2ACEADE2008E1C7C /* AccountStore.swift */; };
		6108CB202ACEB105008E1C7C /* SigninView.swift in Sources */ = {isa = PBXBuildFile; fileRef = 6108CB1F2ACEB105008E1C7C /* SigninView.swift */; };
		6108CB2A2ACF9B88008E1C7C /* Colors.swift in Sources */ = {isa = PBXBuildFile; fileRef = 6108CB292ACF9B88008E1C7C /* Colors.swift */; };
		6108CB2F2ACFACC5008E1C7C /* FullSizeTextField.swift in Sources */ = {isa = PBXBuildFile; fileRef = 6108CB2D2ACFACC5008E1C7C /* FullSizeTextField.swift */; };
		6108CB302ACFACC5008E1C7C /* FullSizeButton.swift in Sources */ = {isa = PBXBuildFile; fileRef = 6108CB2E2ACFACC5008E1C7C /* FullSizeButton.swift */; };
		611765132ADE194B00FE0ED1 /* ConfigButton.swift in Sources */ = {isa = PBXBuildFile; fileRef = 611765122ADE194B00FE0ED1 /* ConfigButton.swift */; };
		6117651E2ADE7BC500FE0ED1 /* GoogleService-Info.plist in Resources */ = {isa = PBXBuildFile; fileRef = 6117651D2ADE7BC500FE0ED1 /* GoogleService-Info.plist */; };
		61663E902ADEA93700FCAB8E /* Dimensions.swift in Sources */ = {isa = PBXBuildFile; fileRef = 61663E8F2ADEA93700FCAB8E /* Dimensions.swift */; };
		616980492AD645CA0060838B /* ProviderCardView.swift in Sources */ = {isa = PBXBuildFile; fileRef = 616980482AD645CA0060838B /* ProviderCardView.swift */; };
		6169804B2AD64A800060838B /* Provider.swift in Sources */ = {isa = PBXBuildFile; fileRef = 6169804A2AD64A800060838B /* Provider.swift */; };
		6169804D2AD64C730060838B /* DateTimeHandler.swift in Sources */ = {isa = PBXBuildFile; fileRef = 6169804C2AD64C730060838B /* DateTimeHandler.swift */; };
		61726B2A2AE117CF007CF23D /* ProviderMainPageView.swift in Sources */ = {isa = PBXBuildFile; fileRef = 61726B292AE117CF007CF23D /* ProviderMainPageView.swift */; };
		61E0B8E42AD691E8003375EC /* Customer.swift in Sources */ = {isa = PBXBuildFile; fileRef = 61E0B8E32AD691E8003375EC /* Customer.swift */; };
		61E0B8E62AD69866003375EC /* CustomerSubscribeProviderListView.swift in Sources */ = {isa = PBXBuildFile; fileRef = 61E0B8E52AD69866003375EC /* CustomerSubscribeProviderListView.swift */; };
		61E0B8E82AD6994A003375EC /* CustomerStore.swift in Sources */ = {isa = PBXBuildFile; fileRef = 61E0B8E72AD6994A003375EC /* CustomerStore.swift */; };
		61E0B8EA2AD69B4E003375EC /* CustomerNotificationView.swift in Sources */ = {isa = PBXBuildFile; fileRef = 61E0B8E92AD69B4E003375EC /* CustomerNotificationView.swift */; };
		61E0B8EC2AD69B5D003375EC /* CustomerMyPageView.swift in Sources */ = {isa = PBXBuildFile; fileRef = 61E0B8EB2AD69B5D003375EC /* CustomerMyPageView.swift */; };
		61E0B8EE2AD6C0E8003375EC /* ProviderStore.swift in Sources */ = {isa = PBXBuildFile; fileRef = 61E0B8ED2AD6C0E8003375EC /* ProviderStore.swift */; };
		61E0B8F12AD6DB59003375EC /* CustomerFindStoreView.swift in Sources */ = {isa = PBXBuildFile; fileRef = 61E0B8F02AD6DB59003375EC /* CustomerFindStoreView.swift */; };
		61E3E6802AD7BD44006FDE26 /* SearchBar.swift in Sources */ = {isa = PBXBuildFile; fileRef = 61E3E67F2AD7BD44006FDE26 /* SearchBar.swift */; };
		61F5AEAD2ACFF8DD0006949E /* CustomerFeedView.swift in Sources */ = {isa = PBXBuildFile; fileRef = 61F5AEAC2ACFF8DD0006949E /* CustomerFeedView.swift */; };
		61F5AEAF2ACFF9730006949E /* CustomerStoreListView.swift in Sources */ = {isa = PBXBuildFile; fileRef = 61F5AEAE2ACFF9730006949E /* CustomerStoreListView.swift */; };
		61FE8AC72AC26C0700A74D65 /* DiningPickApp.swift in Sources */ = {isa = PBXBuildFile; fileRef = 61FE8AC62AC26C0700A74D65 /* DiningPickApp.swift */; };
		61FE8AC92AC26C0700A74D65 /* ContentView.swift in Sources */ = {isa = PBXBuildFile; fileRef = 61FE8AC82AC26C0700A74D65 /* ContentView.swift */; };
		61FE8ACD2AC26C0900A74D65 /* Assets.xcassets in Resources */ = {isa = PBXBuildFile; fileRef = 61FE8ACC2AC26C0900A74D65 /* Assets.xcassets */; };
		61FE8AD02AC26C0900A74D65 /* Preview Assets.xcassets in Resources */ = {isa = PBXBuildFile; fileRef = 61FE8ACF2AC26C0900A74D65 /* Preview Assets.xcassets */; };
		61FE8ADA2AC26C0900A74D65 /* DiningPickTests.swift in Sources */ = {isa = PBXBuildFile; fileRef = 61FE8AD92AC26C0900A74D65 /* DiningPickTests.swift */; };
		61FE8AE42AC26C0900A74D65 /* DiningPickUITests.swift in Sources */ = {isa = PBXBuildFile; fileRef = 61FE8AE32AC26C0900A74D65 /* DiningPickUITests.swift */; };
		61FE8AE62AC26C0900A74D65 /* DiningPickUITestsLaunchTests.swift in Sources */ = {isa = PBXBuildFile; fileRef = 61FE8AE52AC26C0900A74D65 /* DiningPickUITestsLaunchTests.swift */; };
		61FEB8A82AD7C6D800170B0D /* OptionPickerButton.swift in Sources */ = {isa = PBXBuildFile; fileRef = 61FEB8A72AD7C6D800170B0D /* OptionPickerButton.swift */; };
		61FEB8AC2AD7DB1B00170B0D /* SearchOption.swift in Sources */ = {isa = PBXBuildFile; fileRef = 61FEB8AB2AD7DB1B00170B0D /* SearchOption.swift */; };
		61FEB8AE2AD7E33200170B0D /* SearchOptionStore.swift in Sources */ = {isa = PBXBuildFile; fileRef = 61FEB8AD2AD7E33200170B0D /* SearchOptionStore.swift */; };
		FE2EC6D22ACFC32600D871E6 /* SignupAccountTypeSelectionView.swift in Sources */ = {isa = PBXBuildFile; fileRef = FE2EC6D12ACFC32600D871E6 /* SignupAccountTypeSelectionView.swift */; };
		FE2EC6D42ACFCD2300D871E6 /* SignupCustomerView.swift in Sources */ = {isa = PBXBuildFile; fileRef = FE2EC6D32ACFCD2300D871E6 /* SignupCustomerView.swift */; };
		FE2EC6D82ACFE51E00D871E6 /* FirstSignupProviderView.swift in Sources */ = {isa = PBXBuildFile; fileRef = FE2EC6D72ACFE51E00D871E6 /* FirstSignupProviderView.swift */; };
		FE2EC6DA2ACFE63600D871E6 /* SecondSignupProviderView.swift in Sources */ = {isa = PBXBuildFile; fileRef = FE2EC6D92ACFE63600D871E6 /* SecondSignupProviderView.swift */; };
		FE2EC6DC2AD01B8600D871E6 /* CompleteSignupView.swift in Sources */ = {isa = PBXBuildFile; fileRef = FE2EC6DB2AD01B8600D871E6 /* CompleteSignupView.swift */; };
		FE2EC6E22AD029CF00D871E6 /* FindPassword.swift in Sources */ = {isa = PBXBuildFile; fileRef = FE2EC6E12AD029CF00D871E6 /* FindPassword.swift */; };
		FE91E2602AD1243F00A39BCE /* SignupStore.swift in Sources */ = {isa = PBXBuildFile; fileRef = FE91E25F2AD1243F00A39BCE /* SignupStore.swift */; };
		FE91E2662AD3F68900A39BCE /* CustomerStorePostingView.swift in Sources */ = {isa = PBXBuildFile; fileRef = FE91E2652AD3F68900A39BCE /* CustomerStorePostingView.swift */; };
		FEF4C7A62AD7C87F00DC6A8D /* CustomerFeedBackView.swift in Sources */ = {isa = PBXBuildFile; fileRef = FEF4C7A52AD7C87F00DC6A8D /* CustomerFeedBackView.swift */; };
		FEF4C7A82AD7CD6100DC6A8D /* FeedBackCard.swift in Sources */ = {isa = PBXBuildFile; fileRef = FEF4C7A72AD7CD6100DC6A8D /* FeedBackCard.swift */; };
/* End PBXBuildFile section */

/* Begin PBXContainerItemProxy section */
		61FE8AD62AC26C0900A74D65 /* PBXContainerItemProxy */ = {
			isa = PBXContainerItemProxy;
			containerPortal = 61FE8ABB2AC26C0600A74D65 /* Project object */;
			proxyType = 1;
			remoteGlobalIDString = 61FE8AC22AC26C0700A74D65;
			remoteInfo = DiningPick;
		};
		61FE8AE02AC26C0900A74D65 /* PBXContainerItemProxy */ = {
			isa = PBXContainerItemProxy;
			containerPortal = 61FE8ABB2AC26C0600A74D65 /* Project object */;
			proxyType = 1;
			remoteGlobalIDString = 61FE8AC22AC26C0700A74D65;
			remoteInfo = DiningPick;
		};
/* End PBXContainerItemProxy section */

/* Begin PBXFileReference section */
		6108CB082ACEA374008E1C7C /* en */ = {isa = PBXFileReference; lastKnownFileType = text.plist.strings; name = en; path = en.lproj/InfoPlist.strings; sourceTree = "<group>"; };
		6108CB0A2ACEA376008E1C7C /* ko */ = {isa = PBXFileReference; lastKnownFileType = text.plist.strings; name = ko; path = ko.lproj/InfoPlist.strings; sourceTree = "<group>"; };
		6108CB132ACEACEA008E1C7C /* LoginEmailView.swift */ = {isa = PBXFileReference; lastKnownFileType = sourcecode.swift; path = LoginEmailView.swift; sourceTree = "<group>"; };
		6108CB152ACEAD98008E1C7C /* CustomerTabView.swift */ = {isa = PBXFileReference; lastKnownFileType = sourcecode.swift; path = CustomerTabView.swift; sourceTree = "<group>"; };
		6108CB172ACEADA6008E1C7C /* ProviderTabView.swift */ = {isa = PBXFileReference; lastKnownFileType = sourcecode.swift; path = ProviderTabView.swift; sourceTree = "<group>"; };
		6108CB192ACEADB1008E1C7C /* AdminRootView.swift */ = {isa = PBXFileReference; lastKnownFileType = sourcecode.swift; path = AdminRootView.swift; sourceTree = "<group>"; };
		6108CB1B2ACEADD6008E1C7C /* Account.swift */ = {isa = PBXFileReference; lastKnownFileType = sourcecode.swift; path = Account.swift; sourceTree = "<group>"; };
		6108CB1D2ACEADE2008E1C7C /* AccountStore.swift */ = {isa = PBXFileReference; lastKnownFileType = sourcecode.swift; path = AccountStore.swift; sourceTree = "<group>"; };
		6108CB1F2ACEB105008E1C7C /* SigninView.swift */ = {isa = PBXFileReference; lastKnownFileType = sourcecode.swift; path = SigninView.swift; sourceTree = "<group>"; };
		6108CB292ACF9B88008E1C7C /* Colors.swift */ = {isa = PBXFileReference; lastKnownFileType = sourcecode.swift; path = Colors.swift; sourceTree = "<group>"; };
		6108CB2D2ACFACC5008E1C7C /* FullSizeTextField.swift */ = {isa = PBXFileReference; fileEncoding = 4; lastKnownFileType = sourcecode.swift; path = FullSizeTextField.swift; sourceTree = "<group>"; };
		6108CB2E2ACFACC5008E1C7C /* FullSizeButton.swift */ = {isa = PBXFileReference; fileEncoding = 4; lastKnownFileType = sourcecode.swift; path = FullSizeButton.swift; sourceTree = "<group>"; };
		611765122ADE194B00FE0ED1 /* ConfigButton.swift */ = {isa = PBXFileReference; lastKnownFileType = sourcecode.swift; path = ConfigButton.swift; sourceTree = "<group>"; };
		6117651D2ADE7BC500FE0ED1 /* GoogleService-Info.plist */ = {isa = PBXFileReference; fileEncoding = 4; lastKnownFileType = text.plist.xml; path = "GoogleService-Info.plist"; sourceTree = "<group>"; };
		61663E8F2ADEA93700FCAB8E /* Dimensions.swift */ = {isa = PBXFileReference; lastKnownFileType = sourcecode.swift; path = Dimensions.swift; sourceTree = "<group>"; };
		616980482AD645CA0060838B /* ProviderCardView.swift */ = {isa = PBXFileReference; lastKnownFileType = sourcecode.swift; path = ProviderCardView.swift; sourceTree = "<group>"; };
		6169804A2AD64A800060838B /* Provider.swift */ = {isa = PBXFileReference; lastKnownFileType = sourcecode.swift; path = Provider.swift; sourceTree = "<group>"; };
		6169804C2AD64C730060838B /* DateTimeHandler.swift */ = {isa = PBXFileReference; lastKnownFileType = sourcecode.swift; path = DateTimeHandler.swift; sourceTree = "<group>"; };
		61726B292AE117CF007CF23D /* ProviderMainPageView.swift */ = {isa = PBXFileReference; lastKnownFileType = sourcecode.swift; path = ProviderMainPageView.swift; sourceTree = "<group>"; };
		61E0B8E32AD691E8003375EC /* Customer.swift */ = {isa = PBXFileReference; lastKnownFileType = sourcecode.swift; path = Customer.swift; sourceTree = "<group>"; };
		61E0B8E52AD69866003375EC /* CustomerSubscribeProviderListView.swift */ = {isa = PBXFileReference; lastKnownFileType = sourcecode.swift; path = CustomerSubscribeProviderListView.swift; sourceTree = "<group>"; };
		61E0B8E72AD6994A003375EC /* CustomerStore.swift */ = {isa = PBXFileReference; lastKnownFileType = sourcecode.swift; path = CustomerStore.swift; sourceTree = "<group>"; };
		61E0B8E92AD69B4E003375EC /* CustomerNotificationView.swift */ = {isa = PBXFileReference; lastKnownFileType = sourcecode.swift; path = CustomerNotificationView.swift; sourceTree = "<group>"; };
		61E0B8EB2AD69B5D003375EC /* CustomerMyPageView.swift */ = {isa = PBXFileReference; lastKnownFileType = sourcecode.swift; path = CustomerMyPageView.swift; sourceTree = "<group>"; };
		61E0B8ED2AD6C0E8003375EC /* ProviderStore.swift */ = {isa = PBXFileReference; lastKnownFileType = sourcecode.swift; path = ProviderStore.swift; sourceTree = "<group>"; };
		61E0B8F02AD6DB59003375EC /* CustomerFindStoreView.swift */ = {isa = PBXFileReference; lastKnownFileType = sourcecode.swift; path = CustomerFindStoreView.swift; sourceTree = "<group>"; };
		61E3E67F2AD7BD44006FDE26 /* SearchBar.swift */ = {isa = PBXFileReference; lastKnownFileType = sourcecode.swift; path = SearchBar.swift; sourceTree = "<group>"; };
		61F5AEAC2ACFF8DD0006949E /* CustomerFeedView.swift */ = {isa = PBXFileReference; lastKnownFileType = sourcecode.swift; path = CustomerFeedView.swift; sourceTree = "<group>"; };
		61F5AEAE2ACFF9730006949E /* CustomerStoreListView.swift */ = {isa = PBXFileReference; lastKnownFileType = sourcecode.swift; path = CustomerStoreListView.swift; sourceTree = "<group>"; };
		61FE8AC32AC26C0700A74D65 /* DiningPick.app */ = {isa = PBXFileReference; explicitFileType = wrapper.application; includeInIndex = 0; path = DiningPick.app; sourceTree = BUILT_PRODUCTS_DIR; };
		61FE8AC62AC26C0700A74D65 /* DiningPickApp.swift */ = {isa = PBXFileReference; lastKnownFileType = sourcecode.swift; path = DiningPickApp.swift; sourceTree = "<group>"; };
		61FE8AC82AC26C0700A74D65 /* ContentView.swift */ = {isa = PBXFileReference; lastKnownFileType = sourcecode.swift; path = ContentView.swift; sourceTree = "<group>"; };
		61FE8ACC2AC26C0900A74D65 /* Assets.xcassets */ = {isa = PBXFileReference; lastKnownFileType = folder.assetcatalog; path = Assets.xcassets; sourceTree = "<group>"; };
		61FE8ACF2AC26C0900A74D65 /* Preview Assets.xcassets */ = {isa = PBXFileReference; lastKnownFileType = folder.assetcatalog; path = "Preview Assets.xcassets"; sourceTree = "<group>"; };
		61FE8AD52AC26C0900A74D65 /* DiningPickTests.xctest */ = {isa = PBXFileReference; explicitFileType = wrapper.cfbundle; includeInIndex = 0; path = DiningPickTests.xctest; sourceTree = BUILT_PRODUCTS_DIR; };
		61FE8AD92AC26C0900A74D65 /* DiningPickTests.swift */ = {isa = PBXFileReference; lastKnownFileType = sourcecode.swift; path = DiningPickTests.swift; sourceTree = "<group>"; };
		61FE8ADF2AC26C0900A74D65 /* DiningPickUITests.xctest */ = {isa = PBXFileReference; explicitFileType = wrapper.cfbundle; includeInIndex = 0; path = DiningPickUITests.xctest; sourceTree = BUILT_PRODUCTS_DIR; };
		61FE8AE32AC26C0900A74D65 /* DiningPickUITests.swift */ = {isa = PBXFileReference; lastKnownFileType = sourcecode.swift; path = DiningPickUITests.swift; sourceTree = "<group>"; };
		61FE8AE52AC26C0900A74D65 /* DiningPickUITestsLaunchTests.swift */ = {isa = PBXFileReference; lastKnownFileType = sourcecode.swift; path = DiningPickUITestsLaunchTests.swift; sourceTree = "<group>"; };
		61FEB8A72AD7C6D800170B0D /* OptionPickerButton.swift */ = {isa = PBXFileReference; lastKnownFileType = sourcecode.swift; path = OptionPickerButton.swift; sourceTree = "<group>"; };
		61FEB8AB2AD7DB1B00170B0D /* SearchOption.swift */ = {isa = PBXFileReference; lastKnownFileType = sourcecode.swift; path = SearchOption.swift; sourceTree = "<group>"; };
		61FEB8AD2AD7E33200170B0D /* SearchOptionStore.swift */ = {isa = PBXFileReference; lastKnownFileType = sourcecode.swift; path = SearchOptionStore.swift; sourceTree = "<group>"; };
		FE2EC6D12ACFC32600D871E6 /* SignupAccountTypeSelectionView.swift */ = {isa = PBXFileReference; fileEncoding = 4; lastKnownFileType = sourcecode.swift; path = SignupAccountTypeSelectionView.swift; sourceTree = "<group>"; };
		FE2EC6D32ACFCD2300D871E6 /* SignupCustomerView.swift */ = {isa = PBXFileReference; lastKnownFileType = sourcecode.swift; path = SignupCustomerView.swift; sourceTree = "<group>"; };
		FE2EC6D72ACFE51E00D871E6 /* FirstSignupProviderView.swift */ = {isa = PBXFileReference; lastKnownFileType = sourcecode.swift; path = FirstSignupProviderView.swift; sourceTree = "<group>"; };
		FE2EC6D92ACFE63600D871E6 /* SecondSignupProviderView.swift */ = {isa = PBXFileReference; lastKnownFileType = sourcecode.swift; path = SecondSignupProviderView.swift; sourceTree = "<group>"; };
		FE2EC6DB2AD01B8600D871E6 /* CompleteSignupView.swift */ = {isa = PBXFileReference; lastKnownFileType = sourcecode.swift; path = CompleteSignupView.swift; sourceTree = "<group>"; };
		FE2EC6E12AD029CF00D871E6 /* FindPassword.swift */ = {isa = PBXFileReference; fileEncoding = 4; lastKnownFileType = sourcecode.swift; path = FindPassword.swift; sourceTree = "<group>"; };
		FE91E25F2AD1243F00A39BCE /* SignupStore.swift */ = {isa = PBXFileReference; lastKnownFileType = sourcecode.swift; path = SignupStore.swift; sourceTree = "<group>"; };
		FE91E2652AD3F68900A39BCE /* CustomerStorePostingView.swift */ = {isa = PBXFileReference; lastKnownFileType = sourcecode.swift; path = CustomerStorePostingView.swift; sourceTree = "<group>"; };
		FEF4C7A52AD7C87F00DC6A8D /* CustomerFeedBackView.swift */ = {isa = PBXFileReference; lastKnownFileType = sourcecode.swift; path = CustomerFeedBackView.swift; sourceTree = "<group>"; };
		FEF4C7A72AD7CD6100DC6A8D /* FeedBackCard.swift */ = {isa = PBXFileReference; lastKnownFileType = sourcecode.swift; path = FeedBackCard.swift; sourceTree = "<group>"; };
/* End PBXFileReference section */

/* Begin PBXFrameworksBuildPhase section */
		61FE8AC02AC26C0700A74D65 /* Frameworks */ = {
			isa = PBXFrameworksBuildPhase;
			buildActionMask = 2147483647;
			files = (
			);
			runOnlyForDeploymentPostprocessing = 0;
		};
		61FE8AD22AC26C0900A74D65 /* Frameworks */ = {
			isa = PBXFrameworksBuildPhase;
			buildActionMask = 2147483647;
			files = (
			);
			runOnlyForDeploymentPostprocessing = 0;
		};
		61FE8ADC2AC26C0900A74D65 /* Frameworks */ = {
			isa = PBXFrameworksBuildPhase;
			buildActionMask = 2147483647;
			files = (
			);
			runOnlyForDeploymentPostprocessing = 0;
		};
/* End PBXFrameworksBuildPhase section */

/* Begin PBXGroup section */
		6108CB062ACEA35D008E1C7C /* Localization */ = {
			isa = PBXGroup;
			children = (
				6108CB092ACEA374008E1C7C /* InfoPlist.strings */,
			);
			path = Localization;
			sourceTree = "<group>";
		};
		6108CB0B2ACEAA31008E1C7C /* Data */ = {
			isa = PBXGroup;
			children = (
				6108CB122ACEAA8C008E1C7C /* ViewModel */,
				6108CB112ACEAA85008E1C7C /* Model */,
			);
			path = Data;
			sourceTree = "<group>";
		};
		6108CB0C2ACEAA3A008E1C7C /* View */ = {
			isa = PBXGroup;
			children = (
				6108CB212ACEBA36008E1C7C /* Components */,
				6108CB102ACEAA7C008E1C7C /* Admin */,
				6108CB0F2ACEAA69008E1C7C /* Provider */,
				6108CB0E2ACEAA5E008E1C7C /* Customer */,
				6108CB0D2ACEAA56008E1C7C /* Account */,
			);
			path = View;
			sourceTree = "<group>";
		};
		6108CB0D2ACEAA56008E1C7C /* Account */ = {
			isa = PBXGroup;
			children = (
				6117651C2ADE618000FE0ED1 /* Recover */,
				6117651B2ADE617100FE0ED1 /* Signup */,
				6117651A2ADE615600FE0ED1 /* Login */,
			);
			path = Account;
			sourceTree = "<group>";
		};
		6108CB0E2ACEAA5E008E1C7C /* Customer */ = {
			isa = PBXGroup;
			children = (
				611765172ADE5B8900FE0ED1 /* MyPage */,
				611765162ADE5B7700FE0ED1 /* Notification */,
				611765152ADE5B7000FE0ED1 /* StoreList */,
				611765142ADE5B6500FE0ED1 /* Feed */,
				6108CB152ACEAD98008E1C7C /* CustomerTabView.swift */,
			);
			path = Customer;
			sourceTree = "<group>";
		};
		6108CB0F2ACEAA69008E1C7C /* Provider */ = {
			isa = PBXGroup;
			children = (
				6108CB172ACEADA6008E1C7C /* ProviderTabView.swift */,
				61726B292AE117CF007CF23D /* ProviderMainPageView.swift */,
			);
			path = Provider;
			sourceTree = "<group>";
		};
		6108CB102ACEAA7C008E1C7C /* Admin */ = {
			isa = PBXGroup;
			children = (
				6108CB192ACEADB1008E1C7C /* AdminRootView.swift */,
			);
			path = Admin;
			sourceTree = "<group>";
		};
		6108CB112ACEAA85008E1C7C /* Model */ = {
			isa = PBXGroup;
			children = (
				6108CB1B2ACEADD6008E1C7C /* Account.swift */,
				6169804A2AD64A800060838B /* Provider.swift */,
				61E0B8E32AD691E8003375EC /* Customer.swift */,
				61FEB8AB2AD7DB1B00170B0D /* SearchOption.swift */,
			);
			path = Model;
			sourceTree = "<group>";
		};
		6108CB122ACEAA8C008E1C7C /* ViewModel */ = {
			isa = PBXGroup;
			children = (
				6108CB1D2ACEADE2008E1C7C /* AccountStore.swift */,
				FE91E25F2AD1243F00A39BCE /* SignupStore.swift */,
				61E0B8ED2AD6C0E8003375EC /* ProviderStore.swift */,
				61FEB8AD2AD7E33200170B0D /* SearchOptionStore.swift */,
				61E0B8E72AD6994A003375EC /* CustomerStore.swift */,
			);
			path = ViewModel;
			sourceTree = "<group>";
		};
		6108CB212ACEBA36008E1C7C /* Components */ = {
			isa = PBXGroup;
			children = (
				6108CB2E2ACFACC5008E1C7C /* FullSizeButton.swift */,
				6108CB2D2ACFACC5008E1C7C /* FullSizeTextField.swift */,
				61E3E67F2AD7BD44006FDE26 /* SearchBar.swift */,
				61FEB8A72AD7C6D800170B0D /* OptionPickerButton.swift */,
				FEF4C7A72AD7CD6100DC6A8D /* FeedBackCard.swift */,
				611765122ADE194B00FE0ED1 /* ConfigButton.swift */,
			);
			path = Components;
			sourceTree = "<group>";
		};
		6108CB282ACF9B70008E1C7C /* Utils */ = {
			isa = PBXGroup;
			children = (
				6108CB292ACF9B88008E1C7C /* Colors.swift */,
				6169804C2AD64C730060838B /* DateTimeHandler.swift */,
				61663E8F2ADEA93700FCAB8E /* Dimensions.swift */,
			);
			path = Utils;
			sourceTree = "<group>";
		};
		611765142ADE5B6500FE0ED1 /* Feed */ = {
			isa = PBXGroup;
			children = (
				61F5AEAC2ACFF8DD0006949E /* CustomerFeedView.swift */,
			);
			path = Feed;
			sourceTree = "<group>";
		};
		611765152ADE5B7000FE0ED1 /* StoreList */ = {
			isa = PBXGroup;
			children = (
				61E0B8F02AD6DB59003375EC /* CustomerFindStoreView.swift */,
				61F5AEAE2ACFF9730006949E /* CustomerStoreListView.swift */,
				FEF4C7A52AD7C87F00DC6A8D /* CustomerFeedBackView.swift */,
				616980482AD645CA0060838B /* ProviderCardView.swift */,
				61E0B8E52AD69866003375EC /* CustomerSubscribeProviderListView.swift */,
				FE91E2652AD3F68900A39BCE /* CustomerStorePostingView.swift */,
			);
			path = StoreList;
			sourceTree = "<group>";
		};
		611765162ADE5B7700FE0ED1 /* Notification */ = {
			isa = PBXGroup;
			children = (
				61E0B8E92AD69B4E003375EC /* CustomerNotificationView.swift */,
			);
			path = Notification;
			sourceTree = "<group>";
		};
		611765172ADE5B8900FE0ED1 /* MyPage */ = {
			isa = PBXGroup;
			children = (
				61E0B8EB2AD69B5D003375EC /* CustomerMyPageView.swift */,
			);
			path = MyPage;
			sourceTree = "<group>";
		};
		6117651A2ADE615600FE0ED1 /* Login */ = {
			isa = PBXGroup;
			children = (
				6108CB132ACEACEA008E1C7C /* LoginEmailView.swift */,
			);
			path = Login;
			sourceTree = "<group>";
		};
		6117651B2ADE617100FE0ED1 /* Signup */ = {
			isa = PBXGroup;
			children = (
				FE2EC6D12ACFC32600D871E6 /* SignupAccountTypeSelectionView.swift */,
				6108CB1F2ACEB105008E1C7C /* SigninView.swift */,
				FE2EC6D32ACFCD2300D871E6 /* SignupCustomerView.swift */,
				FE2EC6D72ACFE51E00D871E6 /* FirstSignupProviderView.swift */,
				FE2EC6D92ACFE63600D871E6 /* SecondSignupProviderView.swift */,
				FE2EC6DB2AD01B8600D871E6 /* CompleteSignupView.swift */,
			);
			path = Signup;
			sourceTree = "<group>";
		};
		6117651C2ADE618000FE0ED1 /* Recover */ = {
			isa = PBXGroup;
			children = (
				FE2EC6E12AD029CF00D871E6 /* FindPassword.swift */,
			);
			path = Recover;
			sourceTree = "<group>";
		};
		61FE8ABA2AC26C0600A74D65 = {
			isa = PBXGroup;
			children = (
				6117651D2ADE7BC500FE0ED1 /* GoogleService-Info.plist */,
				6108CB062ACEA35D008E1C7C /* Localization */,
				61FE8AC52AC26C0700A74D65 /* DiningPick */,
				61FE8AD82AC26C0900A74D65 /* DiningPickTests */,
				61FE8AE22AC26C0900A74D65 /* DiningPickUITests */,
				61FE8AC42AC26C0700A74D65 /* Products */,
			);
			sourceTree = "<group>";
		};
		61FE8AC42AC26C0700A74D65 /* Products */ = {
			isa = PBXGroup;
			children = (
				61FE8AC32AC26C0700A74D65 /* DiningPick.app */,
				61FE8AD52AC26C0900A74D65 /* DiningPickTests.xctest */,
				61FE8ADF2AC26C0900A74D65 /* DiningPickUITests.xctest */,
			);
			name = Products;
			sourceTree = "<group>";
		};
		61FE8AC52AC26C0700A74D65 /* DiningPick */ = {
			isa = PBXGroup;
			children = (
				6108CB282ACF9B70008E1C7C /* Utils */,
				6108CB0C2ACEAA3A008E1C7C /* View */,
				6108CB0B2ACEAA31008E1C7C /* Data */,
				61FE8AC62AC26C0700A74D65 /* DiningPickApp.swift */,
				61FE8AC82AC26C0700A74D65 /* ContentView.swift */,
				61FE8ACC2AC26C0900A74D65 /* Assets.xcassets */,
				61FE8ACE2AC26C0900A74D65 /* Preview Content */,
			);
			path = DiningPick;
			sourceTree = "<group>";
		};
		61FE8ACE2AC26C0900A74D65 /* Preview Content */ = {
			isa = PBXGroup;
			children = (
				61FE8ACF2AC26C0900A74D65 /* Preview Assets.xcassets */,
			);
			path = "Preview Content";
			sourceTree = "<group>";
		};
		61FE8AD82AC26C0900A74D65 /* DiningPickTests */ = {
			isa = PBXGroup;
			children = (
				61FE8AD92AC26C0900A74D65 /* DiningPickTests.swift */,
			);
			path = DiningPickTests;
			sourceTree = "<group>";
		};
		61FE8AE22AC26C0900A74D65 /* DiningPickUITests */ = {
			isa = PBXGroup;
			children = (
				61FE8AE32AC26C0900A74D65 /* DiningPickUITests.swift */,
				61FE8AE52AC26C0900A74D65 /* DiningPickUITestsLaunchTests.swift */,
			);
			path = DiningPickUITests;
			sourceTree = "<group>";
		};
/* End PBXGroup section */

/* Begin PBXNativeTarget section */
		61FE8AC22AC26C0700A74D65 /* DiningPick */ = {
			isa = PBXNativeTarget;
			buildConfigurationList = 61FE8AE92AC26C0900A74D65 /* Build configuration list for PBXNativeTarget "DiningPick" */;
			buildPhases = (
				61FE8ABF2AC26C0700A74D65 /* Sources */,
				61FE8AC02AC26C0700A74D65 /* Frameworks */,
				61FE8AC12AC26C0700A74D65 /* Resources */,
			);
			buildRules = (
			);
			dependencies = (
			);
			name = DiningPick;
			productName = DiningPick;
			productReference = 61FE8AC32AC26C0700A74D65 /* DiningPick.app */;
			productType = "com.apple.product-type.application";
		};
		61FE8AD42AC26C0900A74D65 /* DiningPickTests */ = {
			isa = PBXNativeTarget;
			buildConfigurationList = 61FE8AEC2AC26C0900A74D65 /* Build configuration list for PBXNativeTarget "DiningPickTests" */;
			buildPhases = (
				61FE8AD12AC26C0900A74D65 /* Sources */,
				61FE8AD22AC26C0900A74D65 /* Frameworks */,
				61FE8AD32AC26C0900A74D65 /* Resources */,
			);
			buildRules = (
			);
			dependencies = (
				61FE8AD72AC26C0900A74D65 /* PBXTargetDependency */,
			);
			name = DiningPickTests;
			productName = DiningPickTests;
			productReference = 61FE8AD52AC26C0900A74D65 /* DiningPickTests.xctest */;
			productType = "com.apple.product-type.bundle.unit-test";
		};
		61FE8ADE2AC26C0900A74D65 /* DiningPickUITests */ = {
			isa = PBXNativeTarget;
			buildConfigurationList = 61FE8AEF2AC26C0900A74D65 /* Build configuration list for PBXNativeTarget "DiningPickUITests" */;
			buildPhases = (
				61FE8ADB2AC26C0900A74D65 /* Sources */,
				61FE8ADC2AC26C0900A74D65 /* Frameworks */,
				61FE8ADD2AC26C0900A74D65 /* Resources */,
			);
			buildRules = (
			);
			dependencies = (
				61FE8AE12AC26C0900A74D65 /* PBXTargetDependency */,
			);
			name = DiningPickUITests;
			productName = DiningPickUITests;
			productReference = 61FE8ADF2AC26C0900A74D65 /* DiningPickUITests.xctest */;
			productType = "com.apple.product-type.bundle.ui-testing";
		};
/* End PBXNativeTarget section */

/* Begin PBXProject section */
		61FE8ABB2AC26C0600A74D65 /* Project object */ = {
			isa = PBXProject;
			attributes = {
				BuildIndependentTargetsInParallel = 1;
				LastSwiftUpdateCheck = 1500;
				LastUpgradeCheck = 1500;
				TargetAttributes = {
					61FE8AC22AC26C0700A74D65 = {
						CreatedOnToolsVersion = 15.0;
					};
					61FE8AD42AC26C0900A74D65 = {
						CreatedOnToolsVersion = 15.0;
						TestTargetID = 61FE8AC22AC26C0700A74D65;
					};
					61FE8ADE2AC26C0900A74D65 = {
						CreatedOnToolsVersion = 15.0;
						TestTargetID = 61FE8AC22AC26C0700A74D65;
					};
				};
			};
			buildConfigurationList = 61FE8ABE2AC26C0700A74D65 /* Build configuration list for PBXProject "DiningPick" */;
			compatibilityVersion = "Xcode 14.0";
			developmentRegion = en;
			hasScannedForEncodings = 0;
			knownRegions = (
				en,
				Base,
				ko,
			);
			mainGroup = 61FE8ABA2AC26C0600A74D65;
			productRefGroup = 61FE8AC42AC26C0700A74D65 /* Products */;
			projectDirPath = "";
			projectRoot = "";
			targets = (
				61FE8AC22AC26C0700A74D65 /* DiningPick */,
				61FE8AD42AC26C0900A74D65 /* DiningPickTests */,
				61FE8ADE2AC26C0900A74D65 /* DiningPickUITests */,
			);
		};
/* End PBXProject section */

/* Begin PBXResourcesBuildPhase section */
		61FE8AC12AC26C0700A74D65 /* Resources */ = {
			isa = PBXResourcesBuildPhase;
			buildActionMask = 2147483647;
			files = (
				61FE8AD02AC26C0900A74D65 /* Preview Assets.xcassets in Resources */,
				6117651E2ADE7BC500FE0ED1 /* GoogleService-Info.plist in Resources */,
				6108CB072ACEA374008E1C7C /* InfoPlist.strings in Resources */,
				61FE8ACD2AC26C0900A74D65 /* Assets.xcassets in Resources */,
			);
			runOnlyForDeploymentPostprocessing = 0;
		};
		61FE8AD32AC26C0900A74D65 /* Resources */ = {
			isa = PBXResourcesBuildPhase;
			buildActionMask = 2147483647;
			files = (
			);
			runOnlyForDeploymentPostprocessing = 0;
		};
		61FE8ADD2AC26C0900A74D65 /* Resources */ = {
			isa = PBXResourcesBuildPhase;
			buildActionMask = 2147483647;
			files = (
			);
			runOnlyForDeploymentPostprocessing = 0;
		};
/* End PBXResourcesBuildPhase section */

/* Begin PBXSourcesBuildPhase section */
		61FE8ABF2AC26C0700A74D65 /* Sources */ = {
			isa = PBXSourcesBuildPhase;
			buildActionMask = 2147483647;
			files = (
				FE2EC6D42ACFCD2300D871E6 /* SignupCustomerView.swift in Sources */,
				61E0B8EA2AD69B4E003375EC /* CustomerNotificationView.swift in Sources */,
				616980492AD645CA0060838B /* ProviderCardView.swift in Sources */,
				6108CB162ACEAD98008E1C7C /* CustomerTabView.swift in Sources */,
				61FE8AC92AC26C0700A74D65 /* ContentView.swift in Sources */,
				FE91E2602AD1243F00A39BCE /* SignupStore.swift in Sources */,
				61FEB8AE2AD7E33200170B0D /* SearchOptionStore.swift in Sources */,
				61726B2A2AE117CF007CF23D /* ProviderMainPageView.swift in Sources */,
				61E3E6802AD7BD44006FDE26 /* SearchBar.swift in Sources */,
				FEF4C7A82AD7CD6100DC6A8D /* FeedBackCard.swift in Sources */,
				FE2EC6DA2ACFE63600D871E6 /* SecondSignupProviderView.swift in Sources */,
				61E0B8E82AD6994A003375EC /* CustomerStore.swift in Sources */,
				FEF4C7A62AD7C87F00DC6A8D /* CustomerFeedBackView.swift in Sources */,
				6108CB202ACEB105008E1C7C /* SigninView.swift in Sources */,
				61663E902ADEA93700FCAB8E /* Dimensions.swift in Sources */,
				FE2EC6DC2AD01B8600D871E6 /* CompleteSignupView.swift in Sources */,
				6108CB1A2ACEADB1008E1C7C /* AdminRootView.swift in Sources */,
				61E0B8EC2AD69B5D003375EC /* CustomerMyPageView.swift in Sources */,
				61E0B8E42AD691E8003375EC /* Customer.swift in Sources */,
				611765132ADE194B00FE0ED1 /* ConfigButton.swift in Sources */,
				61FEB8AC2AD7DB1B00170B0D /* SearchOption.swift in Sources */,
				6108CB302ACFACC5008E1C7C /* FullSizeButton.swift in Sources */,
				6169804B2AD64A800060838B /* Provider.swift in Sources */,
				FE2EC6D82ACFE51E00D871E6 /* FirstSignupProviderView.swift in Sources */,
				FE2EC6E22AD029CF00D871E6 /* FindPassword.swift in Sources */,
				FE2EC6D22ACFC32600D871E6 /* SignupAccountTypeSelectionView.swift in Sources */,
				61F5AEAF2ACFF9730006949E /* CustomerStoreListView.swift in Sources */,
				61E0B8EE2AD6C0E8003375EC /* ProviderStore.swift in Sources */,
				61F5AEAD2ACFF8DD0006949E /* CustomerFeedView.swift in Sources */,
				6108CB2F2ACFACC5008E1C7C /* FullSizeTextField.swift in Sources */,
				61E0B8E62AD69866003375EC /* CustomerSubscribeProviderListView.swift in Sources */,
				6108CB182ACEADA6008E1C7C /* ProviderTabView.swift in Sources */,
				FE91E2662AD3F68900A39BCE /* CustomerStorePostingView.swift in Sources */,
				6108CB2A2ACF9B88008E1C7C /* Colors.swift in Sources */,
				6108CB142ACEACEA008E1C7C /* LoginEmailView.swift in Sources */,
				61FEB8A82AD7C6D800170B0D /* OptionPickerButton.swift in Sources */,
				6169804D2AD64C730060838B /* DateTimeHandler.swift in Sources */,
				61FE8AC72AC26C0700A74D65 /* DiningPickApp.swift in Sources */,
				61E0B8F12AD6DB59003375EC /* CustomerFindStoreView.swift in Sources */,
				6108CB1C2ACEADD6008E1C7C /* Account.swift in Sources */,
				6108CB1E2ACEADE2008E1C7C /* AccountStore.swift in Sources */,
			);
			runOnlyForDeploymentPostprocessing = 0;
		};
		61FE8AD12AC26C0900A74D65 /* Sources */ = {
			isa = PBXSourcesBuildPhase;
			buildActionMask = 2147483647;
			files = (
				61FE8ADA2AC26C0900A74D65 /* DiningPickTests.swift in Sources */,
			);
			runOnlyForDeploymentPostprocessing = 0;
		};
		61FE8ADB2AC26C0900A74D65 /* Sources */ = {
			isa = PBXSourcesBuildPhase;
			buildActionMask = 2147483647;
			files = (
				61FE8AE62AC26C0900A74D65 /* DiningPickUITestsLaunchTests.swift in Sources */,
				61FE8AE42AC26C0900A74D65 /* DiningPickUITests.swift in Sources */,
			);
			runOnlyForDeploymentPostprocessing = 0;
		};
/* End PBXSourcesBuildPhase section */

/* Begin PBXTargetDependency section */
		61FE8AD72AC26C0900A74D65 /* PBXTargetDependency */ = {
			isa = PBXTargetDependency;
			target = 61FE8AC22AC26C0700A74D65 /* DiningPick */;
			targetProxy = 61FE8AD62AC26C0900A74D65 /* PBXContainerItemProxy */;
		};
		61FE8AE12AC26C0900A74D65 /* PBXTargetDependency */ = {
			isa = PBXTargetDependency;
			target = 61FE8AC22AC26C0700A74D65 /* DiningPick */;
			targetProxy = 61FE8AE02AC26C0900A74D65 /* PBXContainerItemProxy */;
		};
/* End PBXTargetDependency section */

/* Begin PBXVariantGroup section */
		6108CB092ACEA374008E1C7C /* InfoPlist.strings */ = {
			isa = PBXVariantGroup;
			children = (
				6108CB082ACEA374008E1C7C /* en */,
				6108CB0A2ACEA376008E1C7C /* ko */,
			);
			name = InfoPlist.strings;
			sourceTree = "<group>";
		};
/* End PBXVariantGroup section */

/* Begin XCBuildConfiguration section */
		61FE8AE72AC26C0900A74D65 /* Debug */ = {
			isa = XCBuildConfiguration;
			buildSettings = {
				ALWAYS_SEARCH_USER_PATHS = NO;
				ASSETCATALOG_COMPILER_GENERATE_SWIFT_ASSET_SYMBOL_EXTENSIONS = YES;
				CLANG_ANALYZER_NONNULL = YES;
				CLANG_ANALYZER_NUMBER_OBJECT_CONVERSION = YES_AGGRESSIVE;
				CLANG_CXX_LANGUAGE_STANDARD = "gnu++20";
				CLANG_ENABLE_MODULES = YES;
				CLANG_ENABLE_OBJC_ARC = YES;
				CLANG_ENABLE_OBJC_WEAK = YES;
				CLANG_WARN_BLOCK_CAPTURE_AUTORELEASING = YES;
				CLANG_WARN_BOOL_CONVERSION = YES;
				CLANG_WARN_COMMA = YES;
				CLANG_WARN_CONSTANT_CONVERSION = YES;
				CLANG_WARN_DEPRECATED_OBJC_IMPLEMENTATIONS = YES;
				CLANG_WARN_DIRECT_OBJC_ISA_USAGE = YES_ERROR;
				CLANG_WARN_DOCUMENTATION_COMMENTS = YES;
				CLANG_WARN_EMPTY_BODY = YES;
				CLANG_WARN_ENUM_CONVERSION = YES;
				CLANG_WARN_INFINITE_RECURSION = YES;
				CLANG_WARN_INT_CONVERSION = YES;
				CLANG_WARN_NON_LITERAL_NULL_CONVERSION = YES;
				CLANG_WARN_OBJC_IMPLICIT_RETAIN_SELF = YES;
				CLANG_WARN_OBJC_LITERAL_CONVERSION = YES;
				CLANG_WARN_OBJC_ROOT_CLASS = YES_ERROR;
				CLANG_WARN_QUOTED_INCLUDE_IN_FRAMEWORK_HEADER = YES;
				CLANG_WARN_RANGE_LOOP_ANALYSIS = YES;
				CLANG_WARN_STRICT_PROTOTYPES = YES;
				CLANG_WARN_SUSPICIOUS_MOVE = YES;
				CLANG_WARN_UNGUARDED_AVAILABILITY = YES_AGGRESSIVE;
				CLANG_WARN_UNREACHABLE_CODE = YES;
				CLANG_WARN__DUPLICATE_METHOD_MATCH = YES;
				COPY_PHASE_STRIP = NO;
				DEBUG_INFORMATION_FORMAT = dwarf;
				ENABLE_STRICT_OBJC_MSGSEND = YES;
				ENABLE_TESTABILITY = YES;
				ENABLE_USER_SCRIPT_SANDBOXING = YES;
				GCC_C_LANGUAGE_STANDARD = gnu17;
				GCC_DYNAMIC_NO_PIC = NO;
				GCC_NO_COMMON_BLOCKS = YES;
				GCC_OPTIMIZATION_LEVEL = 0;
				GCC_PREPROCESSOR_DEFINITIONS = (
					"DEBUG=1",
					"$(inherited)",
				);
				GCC_WARN_64_TO_32_BIT_CONVERSION = YES;
				GCC_WARN_ABOUT_RETURN_TYPE = YES_ERROR;
				GCC_WARN_UNDECLARED_SELECTOR = YES;
				GCC_WARN_UNINITIALIZED_AUTOS = YES_AGGRESSIVE;
				GCC_WARN_UNUSED_FUNCTION = YES;
				GCC_WARN_UNUSED_VARIABLE = YES;
				IPHONEOS_DEPLOYMENT_TARGET = 17.0;
				LOCALIZATION_PREFERS_STRING_CATALOGS = YES;
				MTL_ENABLE_DEBUG_INFO = INCLUDE_SOURCE;
				MTL_FAST_MATH = YES;
				ONLY_ACTIVE_ARCH = YES;
				SDKROOT = iphoneos;
				SWIFT_ACTIVE_COMPILATION_CONDITIONS = "DEBUG $(inherited)";
				SWIFT_OPTIMIZATION_LEVEL = "-Onone";
			};
			name = Debug;
		};
		61FE8AE82AC26C0900A74D65 /* Release */ = {
			isa = XCBuildConfiguration;
			buildSettings = {
				ALWAYS_SEARCH_USER_PATHS = NO;
				ASSETCATALOG_COMPILER_GENERATE_SWIFT_ASSET_SYMBOL_EXTENSIONS = YES;
				CLANG_ANALYZER_NONNULL = YES;
				CLANG_ANALYZER_NUMBER_OBJECT_CONVERSION = YES_AGGRESSIVE;
				CLANG_CXX_LANGUAGE_STANDARD = "gnu++20";
				CLANG_ENABLE_MODULES = YES;
				CLANG_ENABLE_OBJC_ARC = YES;
				CLANG_ENABLE_OBJC_WEAK = YES;
				CLANG_WARN_BLOCK_CAPTURE_AUTORELEASING = YES;
				CLANG_WARN_BOOL_CONVERSION = YES;
				CLANG_WARN_COMMA = YES;
				CLANG_WARN_CONSTANT_CONVERSION = YES;
				CLANG_WARN_DEPRECATED_OBJC_IMPLEMENTATIONS = YES;
				CLANG_WARN_DIRECT_OBJC_ISA_USAGE = YES_ERROR;
				CLANG_WARN_DOCUMENTATION_COMMENTS = YES;
				CLANG_WARN_EMPTY_BODY = YES;
				CLANG_WARN_ENUM_CONVERSION = YES;
				CLANG_WARN_INFINITE_RECURSION = YES;
				CLANG_WARN_INT_CONVERSION = YES;
				CLANG_WARN_NON_LITERAL_NULL_CONVERSION = YES;
				CLANG_WARN_OBJC_IMPLICIT_RETAIN_SELF = YES;
				CLANG_WARN_OBJC_LITERAL_CONVERSION = YES;
				CLANG_WARN_OBJC_ROOT_CLASS = YES_ERROR;
				CLANG_WARN_QUOTED_INCLUDE_IN_FRAMEWORK_HEADER = YES;
				CLANG_WARN_RANGE_LOOP_ANALYSIS = YES;
				CLANG_WARN_STRICT_PROTOTYPES = YES;
				CLANG_WARN_SUSPICIOUS_MOVE = YES;
				CLANG_WARN_UNGUARDED_AVAILABILITY = YES_AGGRESSIVE;
				CLANG_WARN_UNREACHABLE_CODE = YES;
				CLANG_WARN__DUPLICATE_METHOD_MATCH = YES;
				COPY_PHASE_STRIP = NO;
				DEBUG_INFORMATION_FORMAT = "dwarf-with-dsym";
				ENABLE_NS_ASSERTIONS = NO;
				ENABLE_STRICT_OBJC_MSGSEND = YES;
				ENABLE_USER_SCRIPT_SANDBOXING = YES;
				GCC_C_LANGUAGE_STANDARD = gnu17;
				GCC_NO_COMMON_BLOCKS = YES;
				GCC_WARN_64_TO_32_BIT_CONVERSION = YES;
				GCC_WARN_ABOUT_RETURN_TYPE = YES_ERROR;
				GCC_WARN_UNDECLARED_SELECTOR = YES;
				GCC_WARN_UNINITIALIZED_AUTOS = YES_AGGRESSIVE;
				GCC_WARN_UNUSED_FUNCTION = YES;
				GCC_WARN_UNUSED_VARIABLE = YES;
				IPHONEOS_DEPLOYMENT_TARGET = 17.0;
				LOCALIZATION_PREFERS_STRING_CATALOGS = YES;
				MTL_ENABLE_DEBUG_INFO = NO;
				MTL_FAST_MATH = YES;
				SDKROOT = iphoneos;
				SWIFT_COMPILATION_MODE = wholemodule;
				VALIDATE_PRODUCT = YES;
			};
			name = Release;
		};
		61FE8AEA2AC26C0900A74D65 /* Debug */ = {
			isa = XCBuildConfiguration;
			buildSettings = {
				ASSETCATALOG_COMPILER_APPICON_NAME = AppIcon;
				ASSETCATALOG_COMPILER_GLOBAL_ACCENT_COLOR_NAME = AccentColor;
				CODE_SIGN_STYLE = Automatic;
				CURRENT_PROJECT_VERSION = 1;
				DEVELOPMENT_ASSET_PATHS = "\"DiningPick/Preview Content\"";
				DEVELOPMENT_TEAM = 6R3M7VGRP2;
				ENABLE_PREVIEWS = YES;
				GENERATE_INFOPLIST_FILE = YES;
				INFOPLIST_KEY_UIApplicationSceneManifest_Generation = YES;
				INFOPLIST_KEY_UIApplicationSupportsIndirectInputEvents = YES;
				INFOPLIST_KEY_UILaunchScreen_Generation = YES;
				INFOPLIST_KEY_UISupportedInterfaceOrientations_iPad = "UIInterfaceOrientationPortrait UIInterfaceOrientationPortraitUpsideDown UIInterfaceOrientationLandscapeLeft UIInterfaceOrientationLandscapeRight";
				INFOPLIST_KEY_UISupportedInterfaceOrientations_iPhone = "UIInterfaceOrientationPortrait UIInterfaceOrientationLandscapeLeft UIInterfaceOrientationLandscapeRight";
				LD_RUNPATH_SEARCH_PATHS = (
					"$(inherited)",
					"@executable_path/Frameworks",
				);
				MARKETING_VERSION = 1.0;
				PRODUCT_BUNDLE_IDENTIFIER = com.deblur.diningpick.dev;
				PRODUCT_NAME = "$(TARGET_NAME)";
				SWIFT_EMIT_LOC_STRINGS = YES;
				SWIFT_VERSION = 5.0;
				TARGETED_DEVICE_FAMILY = "1,2";
			};
			name = Debug;
		};
		61FE8AEB2AC26C0900A74D65 /* Release */ = {
			isa = XCBuildConfiguration;
			buildSettings = {
				ASSETCATALOG_COMPILER_APPICON_NAME = AppIcon;
				ASSETCATALOG_COMPILER_GLOBAL_ACCENT_COLOR_NAME = AccentColor;
				CODE_SIGN_STYLE = Automatic;
				CURRENT_PROJECT_VERSION = 1;
				DEVELOPMENT_ASSET_PATHS = "\"DiningPick/Preview Content\"";
				DEVELOPMENT_TEAM = 6R3M7VGRP2;
				ENABLE_PREVIEWS = YES;
				GENERATE_INFOPLIST_FILE = YES;
				INFOPLIST_KEY_UIApplicationSceneManifest_Generation = YES;
				INFOPLIST_KEY_UIApplicationSupportsIndirectInputEvents = YES;
				INFOPLIST_KEY_UILaunchScreen_Generation = YES;
				INFOPLIST_KEY_UISupportedInterfaceOrientations_iPad = "UIInterfaceOrientationPortrait UIInterfaceOrientationPortraitUpsideDown UIInterfaceOrientationLandscapeLeft UIInterfaceOrientationLandscapeRight";
				INFOPLIST_KEY_UISupportedInterfaceOrientations_iPhone = "UIInterfaceOrientationPortrait UIInterfaceOrientationLandscapeLeft UIInterfaceOrientationLandscapeRight";
				LD_RUNPATH_SEARCH_PATHS = (
					"$(inherited)",
					"@executable_path/Frameworks",
				);
				MARKETING_VERSION = 1.0;
				PRODUCT_BUNDLE_IDENTIFIER = com.deblur.diningpick.dev;
				PRODUCT_NAME = "$(TARGET_NAME)";
				SWIFT_EMIT_LOC_STRINGS = YES;
				SWIFT_VERSION = 5.0;
				TARGETED_DEVICE_FAMILY = "1,2";
			};
			name = Release;
		};
		61FE8AED2AC26C0900A74D65 /* Debug */ = {
			isa = XCBuildConfiguration;
			buildSettings = {
				ALWAYS_EMBED_SWIFT_STANDARD_LIBRARIES = YES;
				BUNDLE_LOADER = "$(TEST_HOST)";
				CODE_SIGN_STYLE = Automatic;
				CURRENT_PROJECT_VERSION = 1;
				DEVELOPMENT_TEAM = 6R3M7VGRP2;
				GENERATE_INFOPLIST_FILE = YES;
				IPHONEOS_DEPLOYMENT_TARGET = 17.0;
				MARKETING_VERSION = 1.0;
				PRODUCT_BUNDLE_IDENTIFIER = com.deblur.DiningPickTests;
				PRODUCT_NAME = "$(TARGET_NAME)";
				SWIFT_EMIT_LOC_STRINGS = NO;
				SWIFT_VERSION = 5.0;
				TARGETED_DEVICE_FAMILY = "1,2";
				TEST_HOST = "$(BUILT_PRODUCTS_DIR)/DiningPick.app/$(BUNDLE_EXECUTABLE_FOLDER_PATH)/DiningPick";
			};
			name = Debug;
		};
		61FE8AEE2AC26C0900A74D65 /* Release */ = {
			isa = XCBuildConfiguration;
			buildSettings = {
				ALWAYS_EMBED_SWIFT_STANDARD_LIBRARIES = YES;
				BUNDLE_LOADER = "$(TEST_HOST)";
				CODE_SIGN_STYLE = Automatic;
				CURRENT_PROJECT_VERSION = 1;
				DEVELOPMENT_TEAM = 6R3M7VGRP2;
				GENERATE_INFOPLIST_FILE = YES;
				IPHONEOS_DEPLOYMENT_TARGET = 17.0;
				MARKETING_VERSION = 1.0;
				PRODUCT_BUNDLE_IDENTIFIER = com.deblur.DiningPickTests;
				PRODUCT_NAME = "$(TARGET_NAME)";
				SWIFT_EMIT_LOC_STRINGS = NO;
				SWIFT_VERSION = 5.0;
				TARGETED_DEVICE_FAMILY = "1,2";
				TEST_HOST = "$(BUILT_PRODUCTS_DIR)/DiningPick.app/$(BUNDLE_EXECUTABLE_FOLDER_PATH)/DiningPick";
			};
			name = Release;
		};
		61FE8AF02AC26C0900A74D65 /* Debug */ = {
			isa = XCBuildConfiguration;
			buildSettings = {
				ALWAYS_EMBED_SWIFT_STANDARD_LIBRARIES = YES;
				CODE_SIGN_STYLE = Automatic;
				CURRENT_PROJECT_VERSION = 1;
				DEVELOPMENT_TEAM = 6R3M7VGRP2;
				GENERATE_INFOPLIST_FILE = YES;
				MARKETING_VERSION = 1.0;
				PRODUCT_BUNDLE_IDENTIFIER = com.deblur.DiningPickUITests;
				PRODUCT_NAME = "$(TARGET_NAME)";
				SWIFT_EMIT_LOC_STRINGS = NO;
				SWIFT_VERSION = 5.0;
				TARGETED_DEVICE_FAMILY = "1,2";
				TEST_TARGET_NAME = DiningPick;
			};
			name = Debug;
		};
		61FE8AF12AC26C0900A74D65 /* Release */ = {
			isa = XCBuildConfiguration;
			buildSettings = {
				ALWAYS_EMBED_SWIFT_STANDARD_LIBRARIES = YES;
				CODE_SIGN_STYLE = Automatic;
				CURRENT_PROJECT_VERSION = 1;
				DEVELOPMENT_TEAM = 6R3M7VGRP2;
				GENERATE_INFOPLIST_FILE = YES;
				MARKETING_VERSION = 1.0;
				PRODUCT_BUNDLE_IDENTIFIER = com.deblur.DiningPickUITests;
				PRODUCT_NAME = "$(TARGET_NAME)";
				SWIFT_EMIT_LOC_STRINGS = NO;
				SWIFT_VERSION = 5.0;
				TARGETED_DEVICE_FAMILY = "1,2";
				TEST_TARGET_NAME = DiningPick;
			};
			name = Release;
		};
/* End XCBuildConfiguration section */

/* Begin XCConfigurationList section */
		61FE8ABE2AC26C0700A74D65 /* Build configuration list for PBXProject "DiningPick" */ = {
			isa = XCConfigurationList;
			buildConfigurations = (
				61FE8AE72AC26C0900A74D65 /* Debug */,
				61FE8AE82AC26C0900A74D65 /* Release */,
			);
			defaultConfigurationIsVisible = 0;
			defaultConfigurationName = Release;
		};
		61FE8AE92AC26C0900A74D65 /* Build configuration list for PBXNativeTarget "DiningPick" */ = {
			isa = XCConfigurationList;
			buildConfigurations = (
				61FE8AEA2AC26C0900A74D65 /* Debug */,
				61FE8AEB2AC26C0900A74D65 /* Release */,
			);
			defaultConfigurationIsVisible = 0;
			defaultConfigurationName = Release;
		};
		61FE8AEC2AC26C0900A74D65 /* Build configuration list for PBXNativeTarget "DiningPickTests" */ = {
			isa = XCConfigurationList;
			buildConfigurations = (
				61FE8AED2AC26C0900A74D65 /* Debug */,
				61FE8AEE2AC26C0900A74D65 /* Release */,
			);
			defaultConfigurationIsVisible = 0;
			defaultConfigurationName = Release;
		};
		61FE8AEF2AC26C0900A74D65 /* Build configuration list for PBXNativeTarget "DiningPickUITests" */ = {
			isa = XCConfigurationList;
			buildConfigurations = (
				61FE8AF02AC26C0900A74D65 /* Debug */,
				61FE8AF12AC26C0900A74D65 /* Release */,
			);
			defaultConfigurationIsVisible = 0;
			defaultConfigurationName = Release;
		};
/* End XCConfigurationList section */
	};
	rootObject = 61FE8ABB2AC26C0600A74D65 /* Project object */;
}
